
Microsoft Visual Studio Solution File, Format Version 12.00
# Visual Studio Version 16
VisualStudioVersion = 16.0.30114.105
MinimumVisualStudioVersion = 10.0.40219.1
Project("{FAE04EC0-301F-11D3-BF4B-00C04F79EFBC}") = "Daniel.Infra", "Daniel.Infra\Daniel.Infra.csproj", "{88C850FF-E676-4A8F-AFD9-770EEF189254}"
EndProject
Project("{FAE04EC0-301F-11D3-BF4B-00C04F79EFBC}") = "Daniel.Web", "Daniel.Web\Daniel.Web.csproj", "{DEDC0EF1-F02D-425E-AD6E-AF50298BE9F5}"
EndProject
Project("{FAE04EC0-301F-11D3-BF4B-00C04F79EFBC}") = "Daniel.Blazor", "Daniel.Blazor\Daniel.Blazor.csproj", "{AFC8F718-B48F-42AF-9BB4-E8344D8B96FD}"
EndProject
Project("{FAE04EC0-301F-11D3-BF4B-00C04F79EFBC}") = "Daniel.Domain", "Daniel.Domain\Daniel.Domain.csproj", "{A776C927-3734-4A6F-A8E1-B7263B3791F2}"
EndProject
Project("{FAE04EC0-301F-11D3-BF4B-00C04F79EFBC}") = "Daniel.Utils", "Daniel.Utils\Daniel.Utils.csproj", "{C589EB18-AA76-4351-9037-23D969F92173}"
EndProject
Project("{FAE04EC0-301F-11D3-BF4B-00C04F79EFBC}") = "Daniel.ViewModels", "Daniel.ViewModels\Daniel.ViewModels.csproj", "{79A0E161-6976-49E8-B250-DE90A4C0536E}"
EndProject
Global
	GlobalSection(SolutionConfigurationPlatforms) = preSolution
		Debug|Any CPU = Debug|Any CPU
		Debug|x64 = Debug|x64
		Debug|x86 = Debug|x86
		Release|Any CPU = Release|Any CPU
		Release|x64 = Release|x64
		Release|x86 = Release|x86
	EndGlobalSection
	GlobalSection(SolutionProperties) = preSolution
		HideSolutionNode = FALSE
	EndGlobalSection
	GlobalSection(ProjectConfigurationPlatforms) = postSolution
		{F301BD6D-A43D-4458-BA38-1DD073A318DE}.Debug|Any CPU.ActiveCfg = Debug|Any CPU
		{F301BD6D-A43D-4458-BA38-1DD073A318DE}.Debug|Any CPU.Build.0 = Debug|Any CPU
		{F301BD6D-A43D-4458-BA38-1DD073A318DE}.Debug|x64.ActiveCfg = Debug|Any CPU
		{F301BD6D-A43D-4458-BA38-1DD073A318DE}.Debug|x64.Build.0 = Debug|Any CPU
		{F301BD6D-A43D-4458-BA38-1DD073A318DE}.Debug|x86.ActiveCfg = Debug|Any CPU
		{F301BD6D-A43D-4458-BA38-1DD073A318DE}.Debug|x86.Build.0 = Debug|Any CPU
		{F301BD6D-A43D-4458-BA38-1DD073A318DE}.Release|Any CPU.ActiveCfg = Release|Any CPU
		{F301BD6D-A43D-4458-BA38-1DD073A318DE}.Release|Any CPU.Build.0 = Release|Any CPU
		{F301BD6D-A43D-4458-BA38-1DD073A318DE}.Release|x64.ActiveCfg = Release|Any CPU
		{F301BD6D-A43D-4458-BA38-1DD073A318DE}.Release|x64.Build.0 = Release|Any CPU
		{F301BD6D-A43D-4458-BA38-1DD073A318DE}.Release|x86.ActiveCfg = Release|Any CPU
		{F301BD6D-A43D-4458-BA38-1DD073A318DE}.Release|x86.Build.0 = Release|Any CPU
		{98FB8432-B5DD-4276-B634-142C766008F6}.Debug|Any CPU.ActiveCfg = Debug|Any CPU
		{98FB8432-B5DD-4276-B634-142C766008F6}.Debug|Any CPU.Build.0 = Debug|Any CPU
		{98FB8432-B5DD-4276-B634-142C766008F6}.Debug|x64.ActiveCfg = Debug|Any CPU
		{98FB8432-B5DD-4276-B634-142C766008F6}.Debug|x64.Build.0 = Debug|Any CPU
		{98FB8432-B5DD-4276-B634-142C766008F6}.Debug|x86.ActiveCfg = Debug|Any CPU
		{98FB8432-B5DD-4276-B634-142C766008F6}.Debug|x86.Build.0 = Debug|Any CPU
		{98FB8432-B5DD-4276-B634-142C766008F6}.Release|Any CPU.ActiveCfg = Release|Any CPU
		{98FB8432-B5DD-4276-B634-142C766008F6}.Release|Any CPU.Build.0 = Release|Any CPU
		{98FB8432-B5DD-4276-B634-142C766008F6}.Release|x64.ActiveCfg = Release|Any CPU
		{98FB8432-B5DD-4276-B634-142C766008F6}.Release|x64.Build.0 = Release|Any CPU
		{98FB8432-B5DD-4276-B634-142C766008F6}.Release|x86.ActiveCfg = Release|Any CPU
		{98FB8432-B5DD-4276-B634-142C766008F6}.Release|x86.Build.0 = Release|Any CPU
		{88C850FF-E676-4A8F-AFD9-770EEF189254}.Debug|Any CPU.ActiveCfg = Debug|Any CPU
		{88C850FF-E676-4A8F-AFD9-770EEF189254}.Debug|Any CPU.Build.0 = Debug|Any CPU
		{88C850FF-E676-4A8F-AFD9-770EEF189254}.Debug|x64.ActiveCfg = Debug|Any CPU
		{88C850FF-E676-4A8F-AFD9-770EEF189254}.Debug|x64.Build.0 = Debug|Any CPU
		{88C850FF-E676-4A8F-AFD9-770EEF189254}.Debug|x86.ActiveCfg = Debug|Any CPU
		{88C850FF-E676-4A8F-AFD9-770EEF189254}.Debug|x86.Build.0 = Debug|Any CPU
		{88C850FF-E676-4A8F-AFD9-770EEF189254}.Release|Any CPU.ActiveCfg = Release|Any CPU
		{88C850FF-E676-4A8F-AFD9-770EEF189254}.Release|Any CPU.Build.0 = Release|Any CPU
		{88C850FF-E676-4A8F-AFD9-770EEF189254}.Release|x64.ActiveCfg = Release|Any CPU
		{88C850FF-E676-4A8F-AFD9-770EEF189254}.Release|x64.Build.0 = Release|Any CPU
		{88C850FF-E676-4A8F-AFD9-770EEF189254}.Release|x86.ActiveCfg = Release|Any CPU
		{88C850FF-E676-4A8F-AFD9-770EEF189254}.Release|x86.Build.0 = Release|Any CPU
		{DEDC0EF1-F02D-425E-AD6E-AF50298BE9F5}.Debug|Any CPU.ActiveCfg = Debug|Any CPU
		{DEDC0EF1-F02D-425E-AD6E-AF50298BE9F5}.Debug|Any CPU.Build.0 = Debug|Any CPU
		{DEDC0EF1-F02D-425E-AD6E-AF50298BE9F5}.Debug|x64.ActiveCfg = Debug|Any CPU
		{DEDC0EF1-F02D-425E-AD6E-AF50298BE9F5}.Debug|x64.Build.0 = Debug|Any CPU
		{DEDC0EF1-F02D-425E-AD6E-AF50298BE9F5}.Debug|x86.ActiveCfg = Debug|Any CPU
		{DEDC0EF1-F02D-425E-AD6E-AF50298BE9F5}.Debug|x86.Build.0 = Debug|Any CPU
		{DEDC0EF1-F02D-425E-AD6E-AF50298BE9F5}.Release|Any CPU.ActiveCfg = Release|Any CPU
		{DEDC0EF1-F02D-425E-AD6E-AF50298BE9F5}.Release|Any CPU.Build.0 = Release|Any CPU
		{DEDC0EF1-F02D-425E-AD6E-AF50298BE9F5}.Release|x64.ActiveCfg = Release|Any CPU
		{DEDC0EF1-F02D-425E-AD6E-AF50298BE9F5}.Release|x64.Build.0 = Release|Any CPU
		{DEDC0EF1-F02D-425E-AD6E-AF50298BE9F5}.Release|x86.ActiveCfg = Release|Any CPU
		{DEDC0EF1-F02D-425E-AD6E-AF50298BE9F5}.Release|x86.Build.0 = Release|Any CPU
		{AFC8F718-B48F-42AF-9BB4-E8344D8B96FD}.Debug|Any CPU.ActiveCfg = Debug|Any CPU
		{AFC8F718-B48F-42AF-9BB4-E8344D8B96FD}.Debug|Any CPU.Build.0 = Debug|Any CPU
		{AFC8F718-B48F-42AF-9BB4-E8344D8B96FD}.Debug|x64.ActiveCfg = Debug|Any CPU
		{AFC8F718-B48F-42AF-9BB4-E8344D8B96FD}.Debug|x64.Build.0 = Debug|Any CPU
		{AFC8F718-B48F-42AF-9BB4-E8344D8B96FD}.Debug|x86.ActiveCfg = Debug|Any CPU
		{AFC8F718-B48F-42AF-9BB4-E8344D8B96FD}.Debug|x86.Build.0 = Debug|Any CPU
		{AFC8F718-B48F-42AF-9BB4-E8344D8B96FD}.Release|Any CPU.ActiveCfg = Release|Any CPU
		{AFC8F718-B48F-42AF-9BB4-E8344D8B96FD}.Release|Any CPU.Build.0 = Release|Any CPU
		{AFC8F718-B48F-42AF-9BB4-E8344D8B96FD}.Release|x64.ActiveCfg = Release|Any CPU
		{AFC8F718-B48F-42AF-9BB4-E8344D8B96FD}.Release|x64.Build.0 = Release|Any CPU
		{AFC8F718-B48F-42AF-9BB4-E8344D8B96FD}.Release|x86.ActiveCfg = Release|Any CPU
		{AFC8F718-B48F-42AF-9BB4-E8344D8B96FD}.Release|x86.Build.0 = Release|Any CPU
		{A776C927-3734-4A6F-A8E1-B7263B3791F2}.Debug|Any CPU.ActiveCfg = Debug|Any CPU
		{A776C927-3734-4A6F-A8E1-B7263B3791F2}.Debug|Any CPU.Build.0 = Debug|Any CPU
		{A776C927-3734-4A6F-A8E1-B7263B3791F2}.Debug|x64.ActiveCfg = Debug|Any CPU
		{A776C927-3734-4A6F-A8E1-B7263B3791F2}.Debug|x64.Build.0 = Debug|Any CPU
		{A776C927-3734-4A6F-A8E1-B7263B3791F2}.Debug|x86.ActiveCfg = Debug|Any CPU
		{A776C927-3734-4A6F-A8E1-B7263B3791F2}.Debug|x86.Build.0 = Debug|Any CPU
		{A776C927-3734-4A6F-A8E1-B7263B3791F2}.Release|Any CPU.ActiveCfg = Release|Any CPU
		{A776C927-3734-4A6F-A8E1-B7263B3791F2}.Release|Any CPU.Build.0 = Release|Any CPU
		{A776C927-3734-4A6F-A8E1-B7263B3791F2}.Release|x64.ActiveCfg = Release|Any CPU
		{A776C927-3734-4A6F-A8E1-B7263B3791F2}.Release|x64.Build.0 = Release|Any CPU
		{A776C927-3734-4A6F-A8E1-B7263B3791F2}.Release|x86.ActiveCfg = Release|Any CPU
		{A776C927-3734-4A6F-A8E1-B7263B3791F2}.Release|x86.Build.0 = Release|Any CPU
		{C589EB18-AA76-4351-9037-23D969F92173}.Debug|Any CPU.ActiveCfg = Debug|Any CPU
		{C589EB18-AA76-4351-9037-23D969F92173}.Debug|Any CPU.Build.0 = Debug|Any CPU
		{C589EB18-AA76-4351-9037-23D969F92173}.Debug|x64.ActiveCfg = Debug|Any CPU
		{C589EB18-AA76-4351-9037-23D969F92173}.Debug|x64.Build.0 = Debug|Any CPU
		{C589EB18-AA76-4351-9037-23D969F92173}.Debug|x86.ActiveCfg = Debug|Any CPU
		{C589EB18-AA76-4351-9037-23D969F92173}.Debug|x86.Build.0 = Debug|Any CPU
		{C589EB18-AA76-4351-9037-23D969F92173}.Release|Any CPU.ActiveCfg = Release|Any CPU
		{C589EB18-AA76-4351-9037-23D969F92173}.Release|Any CPU.Build.0 = Release|Any CPU
		{C589EB18-AA76-4351-9037-23D969F92173}.Release|x64.ActiveCfg = Release|Any CPU
		{C589EB18-AA76-4351-9037-23D969F92173}.Release|x64.Build.0 = Release|Any CPU
		{C589EB18-AA76-4351-9037-23D969F92173}.Release|x86.ActiveCfg = Release|Any CPU
		{C589EB18-AA76-4351-9037-23D969F92173}.Release|x86.Build.0 = Release|Any CPU
		{79A0E161-6976-49E8-B250-DE90A4C0536E}.Debug|Any CPU.ActiveCfg = Debug|Any CPU
		{79A0E161-6976-49E8-B250-DE90A4C0536E}.Debug|Any CPU.Build.0 = Debug|Any CPU
		{79A0E161-6976-49E8-B250-DE90A4C0536E}.Debug|x64.ActiveCfg = Debug|Any CPU
		{79A0E161-6976-49E8-B250-DE90A4C0536E}.Debug|x64.Build.0 = Debug|Any CPU
		{79A0E161-6976-49E8-B250-DE90A4C0536E}.Debug|x86.ActiveCfg = Debug|Any CPU
		{79A0E161-6976-49E8-B250-DE90A4C0536E}.Debug|x86.Build.0 = Debug|Any CPU
		{79A0E161-6976-49E8-B250-DE90A4C0536E}.Release|Any CPU.ActiveCfg = Release|Any CPU
		{79A0E161-6976-49E8-B250-DE90A4C0536E}.Release|Any CPU.Build.0 = Release|Any CPU
		{79A0E161-6976-49E8-B250-DE90A4C0536E}.Release|x64.ActiveCfg = Release|Any CPU
		{79A0E161-6976-49E8-B250-DE90A4C0536E}.Release|x64.Build.0 = Release|Any CPU
		{79A0E161-6976-49E8-B250-DE90A4C0536E}.Release|x86.ActiveCfg = Release|Any CPU
		{79A0E161-6976-49E8-B250-DE90A4C0536E}.Release|x86.Build.0 = Release|Any CPU
		{D66005EB-F661-4B6D-ABA3-9CCD1854E895}.Debug|Any CPU.ActiveCfg = Debug|Any CPU
		{D66005EB-F661-4B6D-ABA3-9CCD1854E895}.Debug|Any CPU.Build.0 = Debug|Any CPU
		{D66005EB-F661-4B6D-ABA3-9CCD1854E895}.Debug|x64.ActiveCfg = Debug|Any CPU
		{D66005EB-F661-4B6D-ABA3-9CCD1854E895}.Debug|x64.Build.0 = Debug|Any CPU
		{D66005EB-F661-4B6D-ABA3-9CCD1854E895}.Debug|x86.ActiveCfg = Debug|Any CPU
		{D66005EB-F661-4B6D-ABA3-9CCD1854E895}.Debug|x86.Build.0 = Debug|Any CPU
		{D66005EB-F661-4B6D-ABA3-9CCD1854E895}.Release|Any CPU.ActiveCfg = Release|Any CPU
		{D66005EB-F661-4B6D-ABA3-9CCD1854E895}.Release|Any CPU.Build.0 = Release|Any CPU
		{D66005EB-F661-4B6D-ABA3-9CCD1854E895}.Release|x64.ActiveCfg = Release|Any CPU
		{D66005EB-F661-4B6D-ABA3-9CCD1854E895}.Release|x64.Build.0 = Release|Any CPU
		{D66005EB-F661-4B6D-ABA3-9CCD1854E895}.Release|x86.ActiveCfg = Release|Any CPU
		{D66005EB-F661-4B6D-ABA3-9CCD1854E895}.Release|x86.Build.0 = Release|Any CPU
	EndGlobalSection
EndGlobal
